
Microsoft Visual Studio Solution File, Format Version 12.00
# Visual Studio 15
VisualStudioVersion = 15.0.28307.168
MinimumVisualStudioVersion = 10.0.40219.1
Project("{2150E333-8FDC-42A3-9474-1A3956D46DE8}") = "src", "src", "{9F5632BF-D87B-4924-9D50-2D6F16806765}"
EndProject
Project("{2150E333-8FDC-42A3-9474-1A3956D46DE8}") = "Solution Items", "Solution Items", "{DB948C9C-9055-41A6-B4B4-7CA2FB509F02}"
	ProjectSection(SolutionItems) = preProject
		global.json = global.json
	EndProjectSection
EndProject
Project("{9A19103F-16F7-4668-BE54-9A1E7A4F7556}") = "testthreads", "src\testthreads\testthreads.csproj", "{B2FD2807-D4DA-448C-95BB-22A9770D73AA}"
EndProject
Global
	GlobalSection(SolutionConfigurationPlatforms) = preSolution
		Debug|Any CPU = Debug|Any CPU
		Release|Any CPU = Release|Any CPU
	EndGlobalSection
	GlobalSection(ProjectConfigurationPlatforms) = postSolution
		{B2FD2807-D4DA-448C-95BB-22A9770D73AA}.Debug|Any CPU.ActiveCfg = Debug|Any CPU
		{B2FD2807-D4DA-448C-95BB-22A9770D73AA}.Debug|Any CPU.Build.0 = Debug|Any CPU
		{B2FD2807-D4DA-448C-95BB-22A9770D73AA}.Release|Any CPU.ActiveCfg = Release|Any CPU
		{B2FD2807-D4DA-448C-95BB-22A9770D73AA}.Release|Any CPU.Build.0 = Release|Any CPU
	EndGlobalSection
	GlobalSection(SolutionProperties) = preSolution
		HideSolutionNode = FALSE
	EndGlobalSection
	GlobalSection(NestedProjects) = preSolution
		{B2FD2807-D4DA-448C-95BB-22A9770D73AA} = {9F5632BF-D87B-4924-9D50-2D6F16806765}
	EndGlobalSection
	GlobalSection(ExtensibilityGlobals) = postSolution
		SolutionGuid = {A05EA55E-D6C5-4702-8621-CFA51A61D467}
	EndGlobalSection
EndGlobal
